
Microsoft Visual Studio Solution File, Format Version 12.00
# Visual Studio Version 16
VisualStudioVersion = 16.0.29926.136
MinimumVisualStudioVersion = 10.0.40219.1
Project("{2150E333-8FDC-42A3-9474-1A3956D46DE8}") = "src", "src", "{65EF0846-B58D-4C79-B254-456B61BC845B}"
EndProject
Project("{2150E333-8FDC-42A3-9474-1A3956D46DE8}") = "sample", "sample", "{BB2A9F4A-7E6E-4A8F-ADF5-22E17D5EC325}"
EndProject
Project("{2150E333-8FDC-42A3-9474-1A3956D46DE8}") = "ahead", "ahead", "{9B64D1B5-349B-4AB5-9598-F4146E1E95B0}"
	ProjectSection(SolutionItems) = preProject
		README.md = README.md
	EndProjectSection
EndProject
Project("{2150E333-8FDC-42A3-9474-1A3956D46DE8}") = "build", "build", "{962F1EFF-AAFA-4BD8-8793-EF1736E568B7}"
	ProjectSection(SolutionItems) = preProject
		Directory.Build.props = Directory.Build.props
		build\Microsoft.AspNetCore.Hosting.GitVersions.props = build\Microsoft.AspNetCore.Hosting.GitVersions.props
		build\NugetPackage.props = build\NugetPackage.props
		build\SatelliteSite.Abstraction.props = build\SatelliteSite.Abstraction.props
		build\SatelliteSite.Substrate.props = build\SatelliteSite.Substrate.props
		build\StaticWebAssetsBathPath.targets = build\StaticWebAssetsBathPath.targets
	EndProjectSection
EndProject
Project("{9A19103F-16F7-4668-BE54-9A1E7A4F7556}") = "SatelliteSite.Substrate", "src\TagHelpers.Bootstrap\SatelliteSite.Substrate.csproj", "{26576939-06BA-439B-A8B8-FF7408DB6341}"
EndProject
Project("{9A19103F-16F7-4668-BE54-9A1E7A4F7556}") = "SatelliteSite.SampleModule", "sample\SatelliteSite.SampleModule\SatelliteSite.SampleModule.csproj", "{530A3020-7CC1-44F5-9386-0A0883E97DE2}"
EndProject
Project("{9A19103F-16F7-4668-BE54-9A1E7A4F7556}") = "SatelliteSite.Host", "sample\SatelliteSite.Host\SatelliteSite.Host.csproj", "{4D4689B8-83C7-44A8-A8C2-4FAAEC81BD19}"
EndProject
Project("{9A19103F-16F7-4668-BE54-9A1E7A4F7556}") = "SatelliteSite.IdentityModule", "src\Extensions.IdentityModel\SatelliteSite.IdentityModule.csproj", "{5F099F4D-9BC9-4FF0-85BA-4D27724ADBED}"
EndProject
Project("{9A19103F-16F7-4668-BE54-9A1E7A4F7556}") = "SatelliteSite.Abstraction", "src\Extensions.Abstraction\SatelliteSite.Abstraction.csproj", "{6212DCE6-8A6F-4ADC-985B-C441B4512553}"
EndProject
Project("{9A19103F-16F7-4668-BE54-9A1E7A4F7556}") = "SatelliteSite.DataAccess", "src\DataAccess.Abstraction\SatelliteSite.DataAccess.csproj", "{228E6DC1-15DB-4290-9979-D141FDC5D38B}"
EndProject
Project("{9A19103F-16F7-4668-BE54-9A1E7A4F7556}") = "SatelliteSite.IdentityCore", "src\Identity.Abstraction\SatelliteSite.IdentityCore.csproj", "{B43A591E-98F8-4045-A524-48685C7E0673}"
EndProject
Global
	GlobalSection(SolutionConfigurationPlatforms) = preSolution
		Debug|Any CPU = Debug|Any CPU
		Release|Any CPU = Release|Any CPU
	EndGlobalSection
	GlobalSection(ProjectConfigurationPlatforms) = postSolution
		{26576939-06BA-439B-A8B8-FF7408DB6341}.Debug|Any CPU.ActiveCfg = Debug|Any CPU
		{26576939-06BA-439B-A8B8-FF7408DB6341}.Debug|Any CPU.Build.0 = Debug|Any CPU
		{26576939-06BA-439B-A8B8-FF7408DB6341}.Release|Any CPU.ActiveCfg = Release|Any CPU
		{26576939-06BA-439B-A8B8-FF7408DB6341}.Release|Any CPU.Build.0 = Release|Any CPU
		{530A3020-7CC1-44F5-9386-0A0883E97DE2}.Debug|Any CPU.ActiveCfg = Debug|Any CPU
		{530A3020-7CC1-44F5-9386-0A0883E97DE2}.Debug|Any CPU.Build.0 = Debug|Any CPU
		{530A3020-7CC1-44F5-9386-0A0883E97DE2}.Release|Any CPU.ActiveCfg = Release|Any CPU
		{530A3020-7CC1-44F5-9386-0A0883E97DE2}.Release|Any CPU.Build.0 = Release|Any CPU
		{4D4689B8-83C7-44A8-A8C2-4FAAEC81BD19}.Debug|Any CPU.ActiveCfg = Debug|Any CPU
		{4D4689B8-83C7-44A8-A8C2-4FAAEC81BD19}.Debug|Any CPU.Build.0 = Debug|Any CPU
		{4D4689B8-83C7-44A8-A8C2-4FAAEC81BD19}.Release|Any CPU.ActiveCfg = Release|Any CPU
		{4D4689B8-83C7-44A8-A8C2-4FAAEC81BD19}.Release|Any CPU.Build.0 = Release|Any CPU
		{5F099F4D-9BC9-4FF0-85BA-4D27724ADBED}.Debug|Any CPU.ActiveCfg = Debug|Any CPU
		{5F099F4D-9BC9-4FF0-85BA-4D27724ADBED}.Debug|Any CPU.Build.0 = Debug|Any CPU
		{5F099F4D-9BC9-4FF0-85BA-4D27724ADBED}.Release|Any CPU.ActiveCfg = Release|Any CPU
		{5F099F4D-9BC9-4FF0-85BA-4D27724ADBED}.Release|Any CPU.Build.0 = Release|Any CPU
		{6212DCE6-8A6F-4ADC-985B-C441B4512553}.Debug|Any CPU.ActiveCfg = Debug|Any CPU
		{6212DCE6-8A6F-4ADC-985B-C441B4512553}.Debug|Any CPU.Build.0 = Debug|Any CPU
		{6212DCE6-8A6F-4ADC-985B-C441B4512553}.Release|Any CPU.ActiveCfg = Release|Any CPU
		{6212DCE6-8A6F-4ADC-985B-C441B4512553}.Release|Any CPU.Build.0 = Release|Any CPU
		{228E6DC1-15DB-4290-9979-D141FDC5D38B}.Debug|Any CPU.ActiveCfg = Debug|Any CPU
		{228E6DC1-15DB-4290-9979-D141FDC5D38B}.Debug|Any CPU.Build.0 = Debug|Any CPU
		{228E6DC1-15DB-4290-9979-D141FDC5D38B}.Release|Any CPU.ActiveCfg = Release|Any CPU
		{228E6DC1-15DB-4290-9979-D141FDC5D38B}.Release|Any CPU.Build.0 = Release|Any CPU
		{B43A591E-98F8-4045-A524-48685C7E0673}.Debug|Any CPU.ActiveCfg = Debug|Any CPU
		{B43A591E-98F8-4045-A524-48685C7E0673}.Debug|Any CPU.Build.0 = Debug|Any CPU
		{B43A591E-98F8-4045-A524-48685C7E0673}.Release|Any CPU.ActiveCfg = Release|Any CPU
		{B43A591E-98F8-4045-A524-48685C7E0673}.Release|Any CPU.Build.0 = Release|Any CPU
	EndGlobalSection
	GlobalSection(SolutionProperties) = preSolution
		HideSolutionNode = FALSE
	EndGlobalSection
	GlobalSection(NestedProjects) = preSolution
		{26576939-06BA-439B-A8B8-FF7408DB6341} = {65EF0846-B58D-4C79-B254-456B61BC845B}
		{530A3020-7CC1-44F5-9386-0A0883E97DE2} = {BB2A9F4A-7E6E-4A8F-ADF5-22E17D5EC325}
		{4D4689B8-83C7-44A8-A8C2-4FAAEC81BD19} = {BB2A9F4A-7E6E-4A8F-ADF5-22E17D5EC325}
		{5F099F4D-9BC9-4FF0-85BA-4D27724ADBED} = {65EF0846-B58D-4C79-B254-456B61BC845B}
		{6212DCE6-8A6F-4ADC-985B-C441B4512553} = {65EF0846-B58D-4C79-B254-456B61BC845B}
		{228E6DC1-15DB-4290-9979-D141FDC5D38B} = {65EF0846-B58D-4C79-B254-456B61BC845B}
		{B43A591E-98F8-4045-A524-48685C7E0673} = {65EF0846-B58D-4C79-B254-456B61BC845B}
	EndGlobalSection
	GlobalSection(ExtensibilityGlobals) = postSolution
		SolutionGuid = {D2DCECCB-DCBD-4EC2-A75F-CE8B756096A1}
	EndGlobalSection
EndGlobal
