
Microsoft Visual Studio Solution File, Format Version 12.00
# Visual Studio Version 16
VisualStudioVersion = 16.0.29926.136
MinimumVisualStudioVersion = 10.0.40219.1
Project("{2150E333-8FDC-42A3-9474-1A3956D46DE8}") = "src", "src", "{65EF0846-B58D-4C79-B254-456B61BC845B}"
EndProject
Project("{2150E333-8FDC-42A3-9474-1A3956D46DE8}") = "sample", "sample", "{BB2A9F4A-7E6E-4A8F-ADF5-22E17D5EC325}"
EndProject
Project("{2150E333-8FDC-42A3-9474-1A3956D46DE8}") = "ahead", "ahead", "{9B64D1B5-349B-4AB5-9598-F4146E1E95B0}"
	ProjectSection(SolutionItems) = preProject
		.gitignore = .gitignore
		azure-pipelines.yml = azure-pipelines.yml
		LICENSE = LICENSE
		NuGet.config = NuGet.config
		README.md = README.md
	EndProjectSection
EndProject
Project("{2150E333-8FDC-42A3-9474-1A3956D46DE8}") = "build", "build", "{962F1EFF-AAFA-4BD8-8793-EF1736E568B7}"
	ProjectSection(SolutionItems) = preProject
		Directory.Build.props = Directory.Build.props
		build\NugetPackage.props = build\NugetPackage.props
	EndProjectSection
EndProject
Project("{9A19103F-16F7-4668-BE54-9A1E7A4F7556}") = "SatelliteSite.Substrate", "src\TagHelpers.Bootstrap\SatelliteSite.Substrate.csproj", "{26576939-06BA-439B-A8B8-FF7408DB6341}"
EndProject
Project("{9A19103F-16F7-4668-BE54-9A1E7A4F7556}") = "SatelliteSite.SampleModule", "sample\SatelliteSite.SampleModule\SatelliteSite.SampleModule.csproj", "{530A3020-7CC1-44F5-9386-0A0883E97DE2}"
EndProject
Project("{9A19103F-16F7-4668-BE54-9A1E7A4F7556}") = "SatelliteSite.Host", "sample\SatelliteSite.Host\SatelliteSite.Host.csproj", "{4D4689B8-83C7-44A8-A8C2-4FAAEC81BD19}"
EndProject
Project("{9A19103F-16F7-4668-BE54-9A1E7A4F7556}") = "SatelliteSite.IdentityModule", "src\Extensions.IdentityModel\SatelliteSite.IdentityModule.csproj", "{5F099F4D-9BC9-4FF0-85BA-4D27724ADBED}"
EndProject
Project("{9A19103F-16F7-4668-BE54-9A1E7A4F7556}") = "SatelliteSite.Abstraction", "src\Extensions.Abstraction\SatelliteSite.Abstraction.csproj", "{6212DCE6-8A6F-4ADC-985B-C441B4512553}"
EndProject
Project("{9A19103F-16F7-4668-BE54-9A1E7A4F7556}") = "SatelliteSite.DataAccess", "src\DataAccess.Abstraction\SatelliteSite.DataAccess.csproj", "{228E6DC1-15DB-4290-9979-D141FDC5D38B}"
EndProject
Project("{9A19103F-16F7-4668-BE54-9A1E7A4F7556}") = "SatelliteSite.IdentityCore", "src\Identity.Abstraction\SatelliteSite.IdentityCore.csproj", "{B43A591E-98F8-4045-A524-48685C7E0673}"
EndProject
Project("{9A19103F-16F7-4668-BE54-9A1E7A4F7556}") = "SatelliteSite.HostBuilder", "src\HostBuilder\SatelliteSite.HostBuilder.csproj", "{6457BBF3-0CAE-4462-B84D-ACEC4D7CE195}"
EndProject
Project("{2150E333-8FDC-42A3-9474-1A3956D46DE8}") = "test", "test", "{BEC090CD-1B34-4028-868B-EFE21BFD177F}"
EndProject
Project("{9A19103F-16F7-4668-BE54-9A1E7A4F7556}") = "SatelliteSite.Abstraction.Tests", "test\Abstraction.Test\SatelliteSite.Abstraction.Tests.csproj", "{95E32FFC-A23D-484E-A63F-7D050779CAF1}"
EndProject
Project("{9A19103F-16F7-4668-BE54-9A1E7A4F7556}") = "SatelliteSite.DataAccess.Tests", "test\DataAccess.Test\SatelliteSite.DataAccess.Tests.csproj", "{D723E17F-E2F7-4986-8474-2BBDE691D885}"
EndProject
Project("{9A19103F-16F7-4668-BE54-9A1E7A4F7556}") = "SatelliteSite.Host.Tests", "test\Host.Test\SatelliteSite.Host.Tests.csproj", "{F0A2DB72-EACA-44D4-AA8C-59D4F774FC44}"
EndProject
Project("{9A19103F-16F7-4668-BE54-9A1E7A4F7556}") = "SatelliteSite.TestServer", "src\TestServer\SatelliteSite.TestServer.csproj", "{24E21227-ADE9-4786-9C9E-967672B692CA}"
EndProject
Project("{9A19103F-16F7-4668-BE54-9A1E7A4F7556}") = "SatelliteSite.TelemetryModule", "src\Telemetry\SatelliteSite.TelemetryModule.csproj", "{18EE05EB-CC44-4CEF-9E0D-A77392CE3CAA}"
EndProject
Project("{9A19103F-16F7-4668-BE54-9A1E7A4F7556}") = "SatelliteSite.SampleConnector", "sample\SatelliteSite.SampleConnector\SatelliteSite.SampleConnector.csproj", "{59F8BB87-C0CF-4CED-B195-9FA15B406151}"
EndProject
Project("{9A19103F-16F7-4668-BE54-9A1E7A4F7556}") = "SatelliteSite.JobsCore", "src\Jobs.Core\SatelliteSite.JobsCore.csproj", "{D1997D07-6114-4156-A1C2-A8232BED9E4D}"
EndProject
Project("{9A19103F-16F7-4668-BE54-9A1E7A4F7556}") = "SatelliteSite.JobsModule", "src\Jobs.Module\SatelliteSite.JobsModule.csproj", "{3717FF77-8CAB-4D9F-94DC-CB3C970886A6}"
EndProject
Global
	GlobalSection(SolutionConfigurationPlatforms) = preSolution
		Debug|Any CPU = Debug|Any CPU
		Release|Any CPU = Release|Any CPU
	EndGlobalSection
	GlobalSection(ProjectConfigurationPlatforms) = postSolution
		{26576939-06BA-439B-A8B8-FF7408DB6341}.Debug|Any CPU.ActiveCfg = Debug|Any CPU
		{26576939-06BA-439B-A8B8-FF7408DB6341}.Debug|Any CPU.Build.0 = Debug|Any CPU
		{26576939-06BA-439B-A8B8-FF7408DB6341}.Release|Any CPU.ActiveCfg = Release|Any CPU
		{26576939-06BA-439B-A8B8-FF7408DB6341}.Release|Any CPU.Build.0 = Release|Any CPU
		{530A3020-7CC1-44F5-9386-0A0883E97DE2}.Debug|Any CPU.ActiveCfg = Debug|Any CPU
		{530A3020-7CC1-44F5-9386-0A0883E97DE2}.Debug|Any CPU.Build.0 = Debug|Any CPU
		{530A3020-7CC1-44F5-9386-0A0883E97DE2}.Release|Any CPU.ActiveCfg = Release|Any CPU
		{530A3020-7CC1-44F5-9386-0A0883E97DE2}.Release|Any CPU.Build.0 = Release|Any CPU
		{4D4689B8-83C7-44A8-A8C2-4FAAEC81BD19}.Debug|Any CPU.ActiveCfg = Debug|Any CPU
		{4D4689B8-83C7-44A8-A8C2-4FAAEC81BD19}.Debug|Any CPU.Build.0 = Debug|Any CPU
		{4D4689B8-83C7-44A8-A8C2-4FAAEC81BD19}.Release|Any CPU.ActiveCfg = Release|Any CPU
		{4D4689B8-83C7-44A8-A8C2-4FAAEC81BD19}.Release|Any CPU.Build.0 = Release|Any CPU
		{5F099F4D-9BC9-4FF0-85BA-4D27724ADBED}.Debug|Any CPU.ActiveCfg = Debug|Any CPU
		{5F099F4D-9BC9-4FF0-85BA-4D27724ADBED}.Debug|Any CPU.Build.0 = Debug|Any CPU
		{5F099F4D-9BC9-4FF0-85BA-4D27724ADBED}.Release|Any CPU.ActiveCfg = Release|Any CPU
		{5F099F4D-9BC9-4FF0-85BA-4D27724ADBED}.Release|Any CPU.Build.0 = Release|Any CPU
		{6212DCE6-8A6F-4ADC-985B-C441B4512553}.Debug|Any CPU.ActiveCfg = Debug|Any CPU
		{6212DCE6-8A6F-4ADC-985B-C441B4512553}.Debug|Any CPU.Build.0 = Debug|Any CPU
		{6212DCE6-8A6F-4ADC-985B-C441B4512553}.Release|Any CPU.ActiveCfg = Release|Any CPU
		{6212DCE6-8A6F-4ADC-985B-C441B4512553}.Release|Any CPU.Build.0 = Release|Any CPU
		{228E6DC1-15DB-4290-9979-D141FDC5D38B}.Debug|Any CPU.ActiveCfg = Debug|Any CPU
		{228E6DC1-15DB-4290-9979-D141FDC5D38B}.Debug|Any CPU.Build.0 = Debug|Any CPU
		{228E6DC1-15DB-4290-9979-D141FDC5D38B}.Release|Any CPU.ActiveCfg = Release|Any CPU
		{228E6DC1-15DB-4290-9979-D141FDC5D38B}.Release|Any CPU.Build.0 = Release|Any CPU
		{B43A591E-98F8-4045-A524-48685C7E0673}.Debug|Any CPU.ActiveCfg = Debug|Any CPU
		{B43A591E-98F8-4045-A524-48685C7E0673}.Debug|Any CPU.Build.0 = Debug|Any CPU
		{B43A591E-98F8-4045-A524-48685C7E0673}.Release|Any CPU.ActiveCfg = Release|Any CPU
		{B43A591E-98F8-4045-A524-48685C7E0673}.Release|Any CPU.Build.0 = Release|Any CPU
		{6457BBF3-0CAE-4462-B84D-ACEC4D7CE195}.Debug|Any CPU.ActiveCfg = Debug|Any CPU
		{6457BBF3-0CAE-4462-B84D-ACEC4D7CE195}.Debug|Any CPU.Build.0 = Debug|Any CPU
		{6457BBF3-0CAE-4462-B84D-ACEC4D7CE195}.Release|Any CPU.ActiveCfg = Release|Any CPU
		{6457BBF3-0CAE-4462-B84D-ACEC4D7CE195}.Release|Any CPU.Build.0 = Release|Any CPU
		{95E32FFC-A23D-484E-A63F-7D050779CAF1}.Debug|Any CPU.ActiveCfg = Debug|Any CPU
		{95E32FFC-A23D-484E-A63F-7D050779CAF1}.Debug|Any CPU.Build.0 = Debug|Any CPU
		{95E32FFC-A23D-484E-A63F-7D050779CAF1}.Release|Any CPU.ActiveCfg = Release|Any CPU
		{95E32FFC-A23D-484E-A63F-7D050779CAF1}.Release|Any CPU.Build.0 = Release|Any CPU
		{D723E17F-E2F7-4986-8474-2BBDE691D885}.Debug|Any CPU.ActiveCfg = Debug|Any CPU
		{D723E17F-E2F7-4986-8474-2BBDE691D885}.Debug|Any CPU.Build.0 = Debug|Any CPU
		{D723E17F-E2F7-4986-8474-2BBDE691D885}.Release|Any CPU.ActiveCfg = Release|Any CPU
		{D723E17F-E2F7-4986-8474-2BBDE691D885}.Release|Any CPU.Build.0 = Release|Any CPU
		{F0A2DB72-EACA-44D4-AA8C-59D4F774FC44}.Debug|Any CPU.ActiveCfg = Debug|Any CPU
		{F0A2DB72-EACA-44D4-AA8C-59D4F774FC44}.Debug|Any CPU.Build.0 = Debug|Any CPU
		{F0A2DB72-EACA-44D4-AA8C-59D4F774FC44}.Release|Any CPU.ActiveCfg = Release|Any CPU
		{F0A2DB72-EACA-44D4-AA8C-59D4F774FC44}.Release|Any CPU.Build.0 = Release|Any CPU
		{24E21227-ADE9-4786-9C9E-967672B692CA}.Debug|Any CPU.ActiveCfg = Debug|Any CPU
		{24E21227-ADE9-4786-9C9E-967672B692CA}.Debug|Any CPU.Build.0 = Debug|Any CPU
		{24E21227-ADE9-4786-9C9E-967672B692CA}.Release|Any CPU.ActiveCfg = Release|Any CPU
		{24E21227-ADE9-4786-9C9E-967672B692CA}.Release|Any CPU.Build.0 = Release|Any CPU
		{18EE05EB-CC44-4CEF-9E0D-A77392CE3CAA}.Debug|Any CPU.ActiveCfg = Debug|Any CPU
		{18EE05EB-CC44-4CEF-9E0D-A77392CE3CAA}.Debug|Any CPU.Build.0 = Debug|Any CPU
		{18EE05EB-CC44-4CEF-9E0D-A77392CE3CAA}.Release|Any CPU.ActiveCfg = Release|Any CPU
		{18EE05EB-CC44-4CEF-9E0D-A77392CE3CAA}.Release|Any CPU.Build.0 = Release|Any CPU
		{59F8BB87-C0CF-4CED-B195-9FA15B406151}.Debug|Any CPU.ActiveCfg = Debug|Any CPU
		{59F8BB87-C0CF-4CED-B195-9FA15B406151}.Debug|Any CPU.Build.0 = Debug|Any CPU
		{59F8BB87-C0CF-4CED-B195-9FA15B406151}.Release|Any CPU.ActiveCfg = Release|Any CPU
		{59F8BB87-C0CF-4CED-B195-9FA15B406151}.Release|Any CPU.Build.0 = Release|Any CPU
		{D1997D07-6114-4156-A1C2-A8232BED9E4D}.Debug|Any CPU.ActiveCfg = Debug|Any CPU
		{D1997D07-6114-4156-A1C2-A8232BED9E4D}.Debug|Any CPU.Build.0 = Debug|Any CPU
		{D1997D07-6114-4156-A1C2-A8232BED9E4D}.Release|Any CPU.ActiveCfg = Release|Any CPU
		{D1997D07-6114-4156-A1C2-A8232BED9E4D}.Release|Any CPU.Build.0 = Release|Any CPU
		{3717FF77-8CAB-4D9F-94DC-CB3C970886A6}.Debug|Any CPU.ActiveCfg = Debug|Any CPU
		{3717FF77-8CAB-4D9F-94DC-CB3C970886A6}.Debug|Any CPU.Build.0 = Debug|Any CPU
		{3717FF77-8CAB-4D9F-94DC-CB3C970886A6}.Release|Any CPU.ActiveCfg = Release|Any CPU
		{3717FF77-8CAB-4D9F-94DC-CB3C970886A6}.Release|Any CPU.Build.0 = Release|Any CPU
	EndGlobalSection
	GlobalSection(SolutionProperties) = preSolution
		HideSolutionNode = FALSE
	EndGlobalSection
	GlobalSection(NestedProjects) = preSolution
		{26576939-06BA-439B-A8B8-FF7408DB6341} = {65EF0846-B58D-4C79-B254-456B61BC845B}
		{530A3020-7CC1-44F5-9386-0A0883E97DE2} = {BB2A9F4A-7E6E-4A8F-ADF5-22E17D5EC325}
		{4D4689B8-83C7-44A8-A8C2-4FAAEC81BD19} = {BB2A9F4A-7E6E-4A8F-ADF5-22E17D5EC325}
		{5F099F4D-9BC9-4FF0-85BA-4D27724ADBED} = {65EF0846-B58D-4C79-B254-456B61BC845B}
		{6212DCE6-8A6F-4ADC-985B-C441B4512553} = {65EF0846-B58D-4C79-B254-456B61BC845B}
		{228E6DC1-15DB-4290-9979-D141FDC5D38B} = {65EF0846-B58D-4C79-B254-456B61BC845B}
		{B43A591E-98F8-4045-A524-48685C7E0673} = {65EF0846-B58D-4C79-B254-456B61BC845B}
		{6457BBF3-0CAE-4462-B84D-ACEC4D7CE195} = {65EF0846-B58D-4C79-B254-456B61BC845B}
		{95E32FFC-A23D-484E-A63F-7D050779CAF1} = {BEC090CD-1B34-4028-868B-EFE21BFD177F}
		{D723E17F-E2F7-4986-8474-2BBDE691D885} = {BEC090CD-1B34-4028-868B-EFE21BFD177F}
		{F0A2DB72-EACA-44D4-AA8C-59D4F774FC44} = {BEC090CD-1B34-4028-868B-EFE21BFD177F}
		{24E21227-ADE9-4786-9C9E-967672B692CA} = {65EF0846-B58D-4C79-B254-456B61BC845B}
		{18EE05EB-CC44-4CEF-9E0D-A77392CE3CAA} = {65EF0846-B58D-4C79-B254-456B61BC845B}
		{59F8BB87-C0CF-4CED-B195-9FA15B406151} = {BB2A9F4A-7E6E-4A8F-ADF5-22E17D5EC325}
		{D1997D07-6114-4156-A1C2-A8232BED9E4D} = {65EF0846-B58D-4C79-B254-456B61BC845B}
		{3717FF77-8CAB-4D9F-94DC-CB3C970886A6} = {65EF0846-B58D-4C79-B254-456B61BC845B}
	EndGlobalSection
	GlobalSection(ExtensibilityGlobals) = postSolution
		SolutionGuid = {D2DCECCB-DCBD-4EC2-A75F-CE8B756096A1}
	EndGlobalSection
EndGlobal
